// !$*UTF8*$!
{
	archiveVersion = 1;
	classes = {
	};
	objectVersion = 56;
	objects = {

/* Begin PBXBuildFile section */
		1830332F2C5BE7B700C180A6 /* HomeViewModel.swift in Sources */ = {isa = PBXBuildFile; fileRef = 1830332E2C5BE7B700C180A6 /* HomeViewModel.swift */; };
		183033322C5BF3C000C180A6 /* LocationView.swift in Sources */ = {isa = PBXBuildFile; fileRef = 183033312C5BF3C000C180A6 /* LocationView.swift */; };
		183033342C5BF5E200C180A6 /* LocationPermissionViewModel.swift in Sources */ = {isa = PBXBuildFile; fileRef = 183033332C5BF5E200C180A6 /* LocationPermissionViewModel.swift */; };
		183033362C5BF97E00C180A6 /* LocationViewModel.swift in Sources */ = {isa = PBXBuildFile; fileRef = 183033352C5BF97E00C180A6 /* LocationViewModel.swift */; };
		18615CD62C5B18640010F89D /* TheFakeFactoty_SwiftUIApp.swift in Sources */ = {isa = PBXBuildFile; fileRef = 18615CD52C5B18640010F89D /* TheFakeFactoty_SwiftUIApp.swift */; };
		18615CD82C5B18640010F89D /* ContentView.swift in Sources */ = {isa = PBXBuildFile; fileRef = 18615CD72C5B18640010F89D /* ContentView.swift */; };
		18615CDA2C5B18660010F89D /* Assets.xcassets in Resources */ = {isa = PBXBuildFile; fileRef = 18615CD92C5B18660010F89D /* Assets.xcassets */; };
		18615CDD2C5B18660010F89D /* Preview Assets.xcassets in Resources */ = {isa = PBXBuildFile; fileRef = 18615CDC2C5B18660010F89D /* Preview Assets.xcassets */; };
		18615CE82C5B193D0010F89D /* LocationPermissionView.swift in Sources */ = {isa = PBXBuildFile; fileRef = 18615CE72C5B193D0010F89D /* LocationPermissionView.swift */; };
		18615CEB2C5B1CFF0010F89D /* CustomViewModifiers.swift in Sources */ = {isa = PBXBuildFile; fileRef = 18615CEA2C5B1CFF0010F89D /* CustomViewModifiers.swift */; };
		18615CEE2C5B1EF00010F89D /* HomeView.swift in Sources */ = {isa = PBXBuildFile; fileRef = 18615CED2C5B1EF00010F89D /* HomeView.swift */; };
		18615CF02C5B21A40010F89D /* FakeData.swift in Sources */ = {isa = PBXBuildFile; fileRef = 18615CEF2C5B21A40010F89D /* FakeData.swift */; };
		18615CF22C5B2C4E0010F89D /* CircleCakeGridView.swift in Sources */ = {isa = PBXBuildFile; fileRef = 18615CF12C5B2C4E0010F89D /* CircleCakeGridView.swift */; };
/* End PBXBuildFile section */

/* Begin PBXFileReference section */
		1830332E2C5BE7B700C180A6 /* HomeViewModel.swift */ = {isa = PBXFileReference; lastKnownFileType = sourcecode.swift; path = HomeViewModel.swift; sourceTree = "<group>"; };
		183033312C5BF3C000C180A6 /* LocationView.swift */ = {isa = PBXFileReference; lastKnownFileType = sourcecode.swift; path = LocationView.swift; sourceTree = "<group>"; };
		183033332C5BF5E200C180A6 /* LocationPermissionViewModel.swift */ = {isa = PBXFileReference; lastKnownFileType = sourcecode.swift; path = LocationPermissionViewModel.swift; sourceTree = "<group>"; };
		183033352C5BF97E00C180A6 /* LocationViewModel.swift */ = {isa = PBXFileReference; lastKnownFileType = sourcecode.swift; path = LocationViewModel.swift; sourceTree = "<group>"; };
		18615CD22C5B18640010F89D /* TheFakeFactoty_SwiftUI.app */ = {isa = PBXFileReference; explicitFileType = wrapper.application; includeInIndex = 0; path = TheFakeFactoty_SwiftUI.app; sourceTree = BUILT_PRODUCTS_DIR; };
		18615CD52C5B18640010F89D /* TheFakeFactoty_SwiftUIApp.swift */ = {isa = PBXFileReference; lastKnownFileType = sourcecode.swift; path = TheFakeFactoty_SwiftUIApp.swift; sourceTree = "<group>"; };
		18615CD72C5B18640010F89D /* ContentView.swift */ = {isa = PBXFileReference; lastKnownFileType = sourcecode.swift; path = ContentView.swift; sourceTree = "<group>"; };
		18615CD92C5B18660010F89D /* Assets.xcassets */ = {isa = PBXFileReference; lastKnownFileType = folder.assetcatalog; path = Assets.xcassets; sourceTree = "<group>"; };
		18615CDC2C5B18660010F89D /* Preview Assets.xcassets */ = {isa = PBXFileReference; lastKnownFileType = folder.assetcatalog; path = "Preview Assets.xcassets"; sourceTree = "<group>"; };
		18615CE72C5B193D0010F89D /* LocationPermissionView.swift */ = {isa = PBXFileReference; lastKnownFileType = sourcecode.swift; path = LocationPermissionView.swift; sourceTree = "<group>"; };
		18615CEA2C5B1CFF0010F89D /* CustomViewModifiers.swift */ = {isa = PBXFileReference; lastKnownFileType = sourcecode.swift; path = CustomViewModifiers.swift; sourceTree = "<group>"; };
		18615CED2C5B1EF00010F89D /* HomeView.swift */ = {isa = PBXFileReference; lastKnownFileType = sourcecode.swift; path = HomeView.swift; sourceTree = "<group>"; };
		18615CEF2C5B21A40010F89D /* FakeData.swift */ = {isa = PBXFileReference; lastKnownFileType = sourcecode.swift; path = FakeData.swift; sourceTree = "<group>"; };
		18615CF12C5B2C4E0010F89D /* CircleCakeGridView.swift */ = {isa = PBXFileReference; lastKnownFileType = sourcecode.swift; path = CircleCakeGridView.swift; sourceTree = "<group>"; };
/* End PBXFileReference section */

/* Begin PBXFrameworksBuildPhase section */
		18615CCF2C5B18640010F89D /* Frameworks */ = {
			isa = PBXFrameworksBuildPhase;
			buildActionMask = 2147483647;
			files = (
			);
			runOnlyForDeploymentPostprocessing = 0;
		};
/* End PBXFrameworksBuildPhase section */

/* Begin PBXGroup section */
		183033302C5BF3B400C180A6 /* Location */ = {
			isa = PBXGroup;
			children = (
				183033312C5BF3C000C180A6 /* LocationView.swift */,
				183033352C5BF97E00C180A6 /* LocationViewModel.swift */,
			);
			path = Location;
			sourceTree = "<group>";
		};
		18615CC92C5B18640010F89D = {
			isa = PBXGroup;
			children = (
				18615CD42C5B18640010F89D /* TheFakeFactoty_SwiftUI */,
				18615CD32C5B18640010F89D /* Products */,
			);
			sourceTree = "<group>";
		};
		18615CD32C5B18640010F89D /* Products */ = {
			isa = PBXGroup;
			children = (
				18615CD22C5B18640010F89D /* TheFakeFactoty_SwiftUI.app */,
			);
			name = Products;
			sourceTree = "<group>";
		};
		18615CD42C5B18640010F89D /* TheFakeFactoty_SwiftUI */ = {
			isa = PBXGroup;
			children = (
				183033302C5BF3B400C180A6 /* Location */,
				18615CEC2C5B1ED70010F89D /* Home */,
				18615CE92C5B1CE00010F89D /* CustomViewModifiers */,
				18615CE32C5B18B10010F89D /* CommonViews */,
				18615CD52C5B18640010F89D /* TheFakeFactoty_SwiftUIApp.swift */,
				18615CD72C5B18640010F89D /* ContentView.swift */,
				18615CD92C5B18660010F89D /* Assets.xcassets */,
				18615CDB2C5B18660010F89D /* Preview Content */,
			);
			path = TheFakeFactoty_SwiftUI;
			sourceTree = "<group>";
		};
		18615CDB2C5B18660010F89D /* Preview Content */ = {
			isa = PBXGroup;
			children = (
				18615CDC2C5B18660010F89D /* Preview Assets.xcassets */,
				18615CEF2C5B21A40010F89D /* FakeData.swift */,
			);
			path = "Preview Content";
			sourceTree = "<group>";
		};
		18615CE32C5B18B10010F89D /* CommonViews */ = {
			isa = PBXGroup;
			children = (
				18615CE72C5B193D0010F89D /* LocationPermissionView.swift */,
				183033332C5BF5E200C180A6 /* LocationPermissionViewModel.swift */,
			);
			path = CommonViews;
			sourceTree = "<group>";
		};
		18615CE92C5B1CE00010F89D /* CustomViewModifiers */ = {
			isa = PBXGroup;
			children = (
				18615CEA2C5B1CFF0010F89D /* CustomViewModifiers.swift */,
			);
			path = CustomViewModifiers;
			sourceTree = "<group>";
		};
		18615CEC2C5B1ED70010F89D /* Home */ = {
			isa = PBXGroup;
			children = (
				18615CED2C5B1EF00010F89D /* HomeView.swift */,
				18615CF12C5B2C4E0010F89D /* CircleCakeGridView.swift */,
				1830332E2C5BE7B700C180A6 /* HomeViewModel.swift */,
			);
			path = Home;
			sourceTree = "<group>";
		};
/* End PBXGroup section */

/* Begin PBXNativeTarget section */
		18615CD12C5B18640010F89D /* TheFakeFactoty_SwiftUI */ = {
			isa = PBXNativeTarget;
			buildConfigurationList = 18615CE02C5B18660010F89D /* Build configuration list for PBXNativeTarget "TheFakeFactoty_SwiftUI" */;
			buildPhases = (
				18615CCE2C5B18640010F89D /* Sources */,
				18615CCF2C5B18640010F89D /* Frameworks */,
				18615CD02C5B18640010F89D /* Resources */,
			);
			buildRules = (
			);
			dependencies = (
			);
			name = TheFakeFactoty_SwiftUI;
			productName = TheFakeFactoty_SwiftUI;
			productReference = 18615CD22C5B18640010F89D /* TheFakeFactoty_SwiftUI.app */;
			productType = "com.apple.product-type.application";
		};
/* End PBXNativeTarget section */

/* Begin PBXProject section */
		18615CCA2C5B18640010F89D /* Project object */ = {
			isa = PBXProject;
			attributes = {
				BuildIndependentTargetsInParallel = 1;
				LastSwiftUpdateCheck = 1540;
				LastUpgradeCheck = 1540;
				TargetAttributes = {
					18615CD12C5B18640010F89D = {
						CreatedOnToolsVersion = 15.4;
					};
				};
			};
			buildConfigurationList = 18615CCD2C5B18640010F89D /* Build configuration list for PBXProject "TheFakeFactoty_SwiftUI" */;
			compatibilityVersion = "Xcode 14.0";
			developmentRegion = en;
			hasScannedForEncodings = 0;
			knownRegions = (
				en,
				Base,
			);
			mainGroup = 18615CC92C5B18640010F89D;
			productRefGroup = 18615CD32C5B18640010F89D /* Products */;
			projectDirPath = "";
			projectRoot = "";
			targets = (
				18615CD12C5B18640010F89D /* TheFakeFactoty_SwiftUI */,
			);
		};
/* End PBXProject section */

/* Begin PBXResourcesBuildPhase section */
		18615CD02C5B18640010F89D /* Resources */ = {
			isa = PBXResourcesBuildPhase;
			buildActionMask = 2147483647;
			files = (
				18615CDD2C5B18660010F89D /* Preview Assets.xcassets in Resources */,
				18615CDA2C5B18660010F89D /* Assets.xcassets in Resources */,
			);
			runOnlyForDeploymentPostprocessing = 0;
		};
/* End PBXResourcesBuildPhase section */

/* Begin PBXSourcesBuildPhase section */
		18615CCE2C5B18640010F89D /* Sources */ = {
			isa = PBXSourcesBuildPhase;
			buildActionMask = 2147483647;
			files = (
				18615CF22C5B2C4E0010F89D /* CircleCakeGridView.swift in Sources */,
				18615CF02C5B21A40010F89D /* FakeData.swift in Sources */,
				183033342C5BF5E200C180A6 /* LocationPermissionViewModel.swift in Sources */,
				18615CEB2C5B1CFF0010F89D /* CustomViewModifiers.swift in Sources */,
				1830332F2C5BE7B700C180A6 /* HomeViewModel.swift in Sources */,
				183033362C5BF97E00C180A6 /* LocationViewModel.swift in Sources */,
				18615CD82C5B18640010F89D /* ContentView.swift in Sources */,
				18615CE82C5B193D0010F89D /* LocationPermissionView.swift in Sources */,
				18615CEE2C5B1EF00010F89D /* HomeView.swift in Sources */,
				183033322C5BF3C000C180A6 /* LocationView.swift in Sources */,
				18615CD62C5B18640010F89D /* TheFakeFactoty_SwiftUIApp.swift in Sources */,
			);
			runOnlyForDeploymentPostprocessing = 0;
		};
/* End PBXSourcesBuildPhase section */

/* Begin XCBuildConfiguration section */
		18615CDE2C5B18660010F89D /* Debug */ = {
			isa = XCBuildConfiguration;
			buildSettings = {
				ALWAYS_SEARCH_USER_PATHS = NO;
				ASSETCATALOG_COMPILER_GENERATE_SWIFT_ASSET_SYMBOL_EXTENSIONS = YES;
				CLANG_ANALYZER_NONNULL = YES;
				CLANG_ANALYZER_NUMBER_OBJECT_CONVERSION = YES_AGGRESSIVE;
				CLANG_CXX_LANGUAGE_STANDARD = "gnu++20";
				CLANG_ENABLE_MODULES = YES;
				CLANG_ENABLE_OBJC_ARC = YES;
				CLANG_ENABLE_OBJC_WEAK = YES;
				CLANG_WARN_BLOCK_CAPTURE_AUTORELEASING = YES;
				CLANG_WARN_BOOL_CONVERSION = YES;
				CLANG_WARN_COMMA = YES;
				CLANG_WARN_CONSTANT_CONVERSION = YES;
				CLANG_WARN_DEPRECATED_OBJC_IMPLEMENTATIONS = YES;
				CLANG_WARN_DIRECT_OBJC_ISA_USAGE = YES_ERROR;
				CLANG_WARN_DOCUMENTATION_COMMENTS = YES;
				CLANG_WARN_EMPTY_BODY = YES;
				CLANG_WARN_ENUM_CONVERSION = YES;
				CLANG_WARN_INFINITE_RECURSION = YES;
				CLANG_WARN_INT_CONVERSION = YES;
				CLANG_WARN_NON_LITERAL_NULL_CONVERSION = YES;
				CLANG_WARN_OBJC_IMPLICIT_RETAIN_SELF = YES;
				CLANG_WARN_OBJC_LITERAL_CONVERSION = YES;
				CLANG_WARN_OBJC_ROOT_CLASS = YES_ERROR;
				CLANG_WARN_QUOTED_INCLUDE_IN_FRAMEWORK_HEADER = YES;
				CLANG_WARN_RANGE_LOOP_ANALYSIS = YES;
				CLANG_WARN_STRICT_PROTOTYPES = YES;
				CLANG_WARN_SUSPICIOUS_MOVE = YES;
				CLANG_WARN_UNGUARDED_AVAILABILITY = YES_AGGRESSIVE;
				CLANG_WARN_UNREACHABLE_CODE = YES;
				CLANG_WARN__DUPLICATE_METHOD_MATCH = YES;
				COPY_PHASE_STRIP = NO;
				DEBUG_INFORMATION_FORMAT = dwarf;
				ENABLE_STRICT_OBJC_MSGSEND = YES;
				ENABLE_TESTABILITY = YES;
				ENABLE_USER_SCRIPT_SANDBOXING = YES;
				GCC_C_LANGUAGE_STANDARD = gnu17;
				GCC_DYNAMIC_NO_PIC = NO;
				GCC_NO_COMMON_BLOCKS = YES;
				GCC_OPTIMIZATION_LEVEL = 0;
				GCC_PREPROCESSOR_DEFINITIONS = (
					"DEBUG=1",
					"$(inherited)",
				);
				GCC_WARN_64_TO_32_BIT_CONVERSION = YES;
				GCC_WARN_ABOUT_RETURN_TYPE = YES_ERROR;
				GCC_WARN_UNDECLARED_SELECTOR = YES;
				GCC_WARN_UNINITIALIZED_AUTOS = YES_AGGRESSIVE;
				GCC_WARN_UNUSED_FUNCTION = YES;
				GCC_WARN_UNUSED_VARIABLE = YES;
				IPHONEOS_DEPLOYMENT_TARGET = 17.5;
				LOCALIZATION_PREFERS_STRING_CATALOGS = YES;
				MTL_ENABLE_DEBUG_INFO = INCLUDE_SOURCE;
				MTL_FAST_MATH = YES;
				ONLY_ACTIVE_ARCH = YES;
				SDKROOT = iphoneos;
				SWIFT_ACTIVE_COMPILATION_CONDITIONS = "DEBUG $(inherited)";
				SWIFT_OPTIMIZATION_LEVEL = "-Onone";
			};
			name = Debug;
		};
		18615CDF2C5B18660010F89D /* Release */ = {
			isa = XCBuildConfiguration;
			buildSettings = {
				ALWAYS_SEARCH_USER_PATHS = NO;
				ASSETCATALOG_COMPILER_GENERATE_SWIFT_ASSET_SYMBOL_EXTENSIONS = YES;
				CLANG_ANALYZER_NONNULL = YES;
				CLANG_ANALYZER_NUMBER_OBJECT_CONVERSION = YES_AGGRESSIVE;
				CLANG_CXX_LANGUAGE_STANDARD = "gnu++20";
				CLANG_ENABLE_MODULES = YES;
				CLANG_ENABLE_OBJC_ARC = YES;
				CLANG_ENABLE_OBJC_WEAK = YES;
				CLANG_WARN_BLOCK_CAPTURE_AUTORELEASING = YES;
				CLANG_WARN_BOOL_CONVERSION = YES;
				CLANG_WARN_COMMA = YES;
				CLANG_WARN_CONSTANT_CONVERSION = YES;
				CLANG_WARN_DEPRECATED_OBJC_IMPLEMENTATIONS = YES;
				CLANG_WARN_DIRECT_OBJC_ISA_USAGE = YES_ERROR;
				CLANG_WARN_DOCUMENTATION_COMMENTS = YES;
				CLANG_WARN_EMPTY_BODY = YES;
				CLANG_WARN_ENUM_CONVERSION = YES;
				CLANG_WARN_INFINITE_RECURSION = YES;
				CLANG_WARN_INT_CONVERSION = YES;
				CLANG_WARN_NON_LITERAL_NULL_CONVERSION = YES;
				CLANG_WARN_OBJC_IMPLICIT_RETAIN_SELF = YES;
				CLANG_WARN_OBJC_LITERAL_CONVERSION = YES;
				CLANG_WARN_OBJC_ROOT_CLASS = YES_ERROR;
				CLANG_WARN_QUOTED_INCLUDE_IN_FRAMEWORK_HEADER = YES;
				CLANG_WARN_RANGE_LOOP_ANALYSIS = YES;
				CLANG_WARN_STRICT_PROTOTYPES = YES;
				CLANG_WARN_SUSPICIOUS_MOVE = YES;
				CLANG_WARN_UNGUARDED_AVAILABILITY = YES_AGGRESSIVE;
				CLANG_WARN_UNREACHABLE_CODE = YES;
				CLANG_WARN__DUPLICATE_METHOD_MATCH = YES;
				COPY_PHASE_STRIP = NO;
				DEBUG_INFORMATION_FORMAT = "dwarf-with-dsym";
				ENABLE_NS_ASSERTIONS = NO;
				ENABLE_STRICT_OBJC_MSGSEND = YES;
				ENABLE_USER_SCRIPT_SANDBOXING = YES;
				GCC_C_LANGUAGE_STANDARD = gnu17;
				GCC_NO_COMMON_BLOCKS = YES;
				GCC_WARN_64_TO_32_BIT_CONVERSION = YES;
				GCC_WARN_ABOUT_RETURN_TYPE = YES_ERROR;
				GCC_WARN_UNDECLARED_SELECTOR = YES;
				GCC_WARN_UNINITIALIZED_AUTOS = YES_AGGRESSIVE;
				GCC_WARN_UNUSED_FUNCTION = YES;
				GCC_WARN_UNUSED_VARIABLE = YES;
				IPHONEOS_DEPLOYMENT_TARGET = 17.5;
				LOCALIZATION_PREFERS_STRING_CATALOGS = YES;
				MTL_ENABLE_DEBUG_INFO = NO;
				MTL_FAST_MATH = YES;
				SDKROOT = iphoneos;
				SWIFT_COMPILATION_MODE = wholemodule;
				VALIDATE_PRODUCT = YES;
			};
			name = Release;
		};
		18615CE12C5B18660010F89D /* Debug */ = {
			isa = XCBuildConfiguration;
			buildSettings = {
				ASSETCATALOG_COMPILER_APPICON_NAME = AppIcon;
				ASSETCATALOG_COMPILER_GLOBAL_ACCENT_COLOR_NAME = AccentColor;
				CODE_SIGN_STYLE = Automatic;
				CURRENT_PROJECT_VERSION = 1;
				DEVELOPMENT_ASSET_PATHS = "\"TheFakeFactoty_SwiftUI/Preview Content\"";
				ENABLE_PREVIEWS = YES;
				GENERATE_INFOPLIST_FILE = YES;
				INFOPLIST_KEY_UIApplicationSceneManifest_Generation = YES;
				INFOPLIST_KEY_UIApplicationSupportsIndirectInputEvents = YES;
				INFOPLIST_KEY_UILaunchScreen_Generation = YES;
				INFOPLIST_KEY_UISupportedInterfaceOrientations_iPad = "UIInterfaceOrientationPortrait UIInterfaceOrientationPortraitUpsideDown UIInterfaceOrientationLandscapeLeft UIInterfaceOrientationLandscapeRight";
				INFOPLIST_KEY_UISupportedInterfaceOrientations_iPhone = "UIInterfaceOrientationPortrait UIInterfaceOrientationLandscapeLeft UIInterfaceOrientationLandscapeRight";
				LD_RUNPATH_SEARCH_PATHS = (
					"$(inherited)",
					"@executable_path/Frameworks",
				);
				MARKETING_VERSION = 1.0;
				PRODUCT_BUNDLE_IDENTIFIER = "lv.TheFakeFactoty-SwiftUI";
				PRODUCT_NAME = "$(TARGET_NAME)";
				SWIFT_EMIT_LOC_STRINGS = YES;
				SWIFT_VERSION = 5.0;
				TARGETED_DEVICE_FAMILY = "1,2";
			};
			name = Debug;
		};
		18615CE22C5B18660010F89D /* Release */ = {
			isa = XCBuildConfiguration;
			buildSettings = {
				ASSETCATALOG_COMPILER_APPICON_NAME = AppIcon;
				ASSETCATALOG_COMPILER_GLOBAL_ACCENT_COLOR_NAME = AccentColor;
				CODE_SIGN_STYLE = Automatic;
				CURRENT_PROJECT_VERSION = 1;
				DEVELOPMENT_ASSET_PATHS = "\"TheFakeFactoty_SwiftUI/Preview Content\"";
				ENABLE_PREVIEWS = YES;
				GENERATE_INFOPLIST_FILE = YES;
				INFOPLIST_KEY_UIApplicationSceneManifest_Generation = YES;
				INFOPLIST_KEY_UIApplicationSupportsIndirectInputEvents = YES;
				INFOPLIST_KEY_UILaunchScreen_Generation = YES;
				INFOPLIST_KEY_UISupportedInterfaceOrientations_iPad = "UIInterfaceOrientationPortrait UIInterfaceOrientationPortraitUpsideDown UIInterfaceOrientationLandscapeLeft UIInterfaceOrientationLandscapeRight";
				INFOPLIST_KEY_UISupportedInterfaceOrientations_iPhone = "UIInterfaceOrientationPortrait UIInterfaceOrientationLandscapeLeft UIInterfaceOrientationLandscapeRight";
				LD_RUNPATH_SEARCH_PATHS = (
					"$(inherited)",
					"@executable_path/Frameworks",
				);
				MARKETING_VERSION = 1.0;
				PRODUCT_BUNDLE_IDENTIFIER = "lv.TheFakeFactoty-SwiftUI";
				PRODUCT_NAME = "$(TARGET_NAME)";
				SWIFT_EMIT_LOC_STRINGS = YES;
				SWIFT_VERSION = 5.0;
				TARGETED_DEVICE_FAMILY = "1,2";
			};
			name = Release;
		};
/* End XCBuildConfiguration section */

/* Begin XCConfigurationList section */
		18615CCD2C5B18640010F89D /* Build configuration list for PBXProject "TheFakeFactoty_SwiftUI" */ = {
			isa = XCConfigurationList;
			buildConfigurations = (
				18615CDE2C5B18660010F89D /* Debug */,
				18615CDF2C5B18660010F89D /* Release */,
			);
			defaultConfigurationIsVisible = 0;
			defaultConfigurationName = Release;
		};
		18615CE02C5B18660010F89D /* Build configuration list for PBXNativeTarget "TheFakeFactoty_SwiftUI" */ = {
			isa = XCConfigurationList;
			buildConfigurations = (
				18615CE12C5B18660010F89D /* Debug */,
				18615CE22C5B18660010F89D /* Release */,
			);
			defaultConfigurationIsVisible = 0;
			defaultConfigurationName = Release;
		};
/* End XCConfigurationList section */
	};
	rootObject = 18615CCA2C5B18640010F89D /* Project object */;
}
